// !$*UTF8*$!
{
	archiveVersion = 1;
	classes = {
	};
	objectVersion = 55;
	objects = {

/* Begin PBXBuildFile section */
		44D263E727DC387F00456E6F /* AppDelegate.swift in Sources */ = {isa = PBXBuildFile; fileRef = 44D263E627DC387F00456E6F /* AppDelegate.swift */; };
		44D263E927DC387F00456E6F /* SceneDelegate.swift in Sources */ = {isa = PBXBuildFile; fileRef = 44D263E827DC387F00456E6F /* SceneDelegate.swift */; };
		44D263EB27DC387F00456E6F /* ViewController.swift in Sources */ = {isa = PBXBuildFile; fileRef = 44D263EA27DC387F00456E6F /* ViewController.swift */; };
		44D263EE27DC387F00456E6F /* Main.storyboard in Resources */ = {isa = PBXBuildFile; fileRef = 44D263EC27DC387F00456E6F /* Main.storyboard */; };
		44D263F127DC387F00456E6F /* Lab5CoreData.xcdatamodeld in Sources */ = {isa = PBXBuildFile; fileRef = 44D263EF27DC387F00456E6F /* Lab5CoreData.xcdatamodeld */; };
		44D263F327DC388200456E6F /* Assets.xcassets in Resources */ = {isa = PBXBuildFile; fileRef = 44D263F227DC388200456E6F /* Assets.xcassets */; };
		44D263F627DC388200456E6F /* LaunchScreen.storyboard in Resources */ = {isa = PBXBuildFile; fileRef = 44D263F427DC388200456E6F /* LaunchScreen.storyboard */; };
		44D263FF27DC803F00456E6F /* City+CoreDataClass.swift in Sources */ = {isa = PBXBuildFile; fileRef = 44D263FD27DC803F00456E6F /* City+CoreDataClass.swift */; };
		44D2640027DC803F00456E6F /* City+CoreDataProperties.swift in Sources */ = {isa = PBXBuildFile; fileRef = 44D263FE27DC803F00456E6F /* City+CoreDataProperties.swift */; };
		44D2640227DC823600456E6F /* SecondViewController.swift in Sources */ = {isa = PBXBuildFile; fileRef = 44D2640127DC823600456E6F /* SecondViewController.swift */; };
		44D2640427DC9F8E00456E6F /* Cities.swift in Sources */ = {isa = PBXBuildFile; fileRef = 44D2640327DC9F8E00456E6F /* Cities.swift */; };
		44D2640627DCA33900456E6F /* CityTableViewCell.swift in Sources */ = {isa = PBXBuildFile; fileRef = 44D2640527DCA33900456E6F /* CityTableViewCell.swift */; };
		44D2640827DCBD9A00456E6F /* tempe.jpeg in Resources */ = {isa = PBXBuildFile; fileRef = 44D2640727DCBD9900456E6F /* tempe.jpeg */; };
/* End PBXBuildFile section */

/* Begin PBXFileReference section */
		44D263E327DC387F00456E6F /* Lab5CoreData.app */ = {isa = PBXFileReference; explicitFileType = wrapper.application; includeInIndex = 0; path = Lab5CoreData.app; sourceTree = BUILT_PRODUCTS_DIR; };
		44D263E627DC387F00456E6F /* AppDelegate.swift */ = {isa = PBXFileReference; lastKnownFileType = sourcecode.swift; path = AppDelegate.swift; sourceTree = "<group>"; };
		44D263E827DC387F00456E6F /* SceneDelegate.swift */ = {isa = PBXFileReference; lastKnownFileType = sourcecode.swift; path = SceneDelegate.swift; sourceTree = "<group>"; };
		44D263EA27DC387F00456E6F /* ViewController.swift */ = {isa = PBXFileReference; lastKnownFileType = sourcecode.swift; path = ViewController.swift; sourceTree = "<group>"; };
		44D263ED27DC387F00456E6F /* Base */ = {isa = PBXFileReference; lastKnownFileType = file.storyboard; name = Base; path = Base.lproj/Main.storyboard; sourceTree = "<group>"; };
		44D263F027DC387F00456E6F /* Lab5CoreData.xcdatamodel */ = {isa = PBXFileReference; lastKnownFileType = wrapper.xcdatamodel; path = Lab5CoreData.xcdatamodel; sourceTree = "<group>"; };
		44D263F227DC388200456E6F /* Assets.xcassets */ = {isa = PBXFileReference; lastKnownFileType = folder.assetcatalog; path = Assets.xcassets; sourceTree = "<group>"; };
		44D263F527DC388200456E6F /* Base */ = {isa = PBXFileReference; lastKnownFileType = file.storyboard; name = Base; path = Base.lproj/LaunchScreen.storyboard; sourceTree = "<group>"; };
		44D263F727DC388200456E6F /* Info.plist */ = {isa = PBXFileReference; lastKnownFileType = text.plist.xml; path = Info.plist; sourceTree = "<group>"; };
		44D263FD27DC803F00456E6F /* City+CoreDataClass.swift */ = {isa = PBXFileReference; lastKnownFileType = sourcecode.swift; path = "City+CoreDataClass.swift"; sourceTree = "<group>"; };
		44D263FE27DC803F00456E6F /* City+CoreDataProperties.swift */ = {isa = PBXFileReference; lastKnownFileType = sourcecode.swift; path = "City+CoreDataProperties.swift"; sourceTree = "<group>"; };
		44D2640127DC823600456E6F /* SecondViewController.swift */ = {isa = PBXFileReference; lastKnownFileType = sourcecode.swift; path = SecondViewController.swift; sourceTree = "<group>"; };
		44D2640327DC9F8E00456E6F /* Cities.swift */ = {isa = PBXFileReference; lastKnownFileType = sourcecode.swift; path = Cities.swift; sourceTree = "<group>"; };
		44D2640527DCA33900456E6F /* CityTableViewCell.swift */ = {isa = PBXFileReference; lastKnownFileType = sourcecode.swift; path = CityTableViewCell.swift; sourceTree = "<group>"; };
		44D2640727DCBD9900456E6F /* tempe.jpeg */ = {isa = PBXFileReference; lastKnownFileType = image.jpeg; path = tempe.jpeg; sourceTree = "<group>"; };
/* End PBXFileReference section */

/* Begin PBXFrameworksBuildPhase section */
		44D263E027DC387F00456E6F /* Frameworks */ = {
			isa = PBXFrameworksBuildPhase;
			buildActionMask = 2147483647;
			files = (
			);
			runOnlyForDeploymentPostprocessing = 0;
		};
/* End PBXFrameworksBuildPhase section */

/* Begin PBXGroup section */
		44D263DA27DC387F00456E6F = {
			isa = PBXGroup;
			children = (
				44D263E527DC387F00456E6F /* Lab5CoreData */,
				44D263E427DC387F00456E6F /* Products */,
			);
			sourceTree = "<group>";
		};
		44D263E427DC387F00456E6F /* Products */ = {
			isa = PBXGroup;
			children = (
				44D263E327DC387F00456E6F /* Lab5CoreData.app */,
			);
			name = Products;
			sourceTree = "<group>";
		};
		44D263E527DC387F00456E6F /* Lab5CoreData */ = {
			isa = PBXGroup;
			children = (
				44D263FD27DC803F00456E6F /* City+CoreDataClass.swift */,
				44D263FE27DC803F00456E6F /* City+CoreDataProperties.swift */,
				44D263E627DC387F00456E6F /* AppDelegate.swift */,
				44D263E827DC387F00456E6F /* SceneDelegate.swift */,
				44D2640327DC9F8E00456E6F /* Cities.swift */,
				44D263EA27DC387F00456E6F /* ViewController.swift */,
				44D263EC27DC387F00456E6F /* Main.storyboard */,
				44D2640527DCA33900456E6F /* CityTableViewCell.swift */,
				44D2640127DC823600456E6F /* SecondViewController.swift */,
				44D263F227DC388200456E6F /* Assets.xcassets */,
				44D263F427DC388200456E6F /* LaunchScreen.storyboard */,
				44D263F727DC388200456E6F /* Info.plist */,
				44D263EF27DC387F00456E6F /* Lab5CoreData.xcdatamodeld */,
				44D2640727DCBD9900456E6F /* tempe.jpeg */,
			);
			path = Lab5CoreData;
			sourceTree = "<group>";
		};
/* End PBXGroup section */

/* Begin PBXNativeTarget section */
		44D263E227DC387F00456E6F /* Lab5CoreData */ = {
			isa = PBXNativeTarget;
			buildConfigurationList = 44D263FA27DC388200456E6F /* Build configuration list for PBXNativeTarget "Lab5CoreData" */;
			buildPhases = (
				44D263DF27DC387F00456E6F /* Sources */,
				44D263E027DC387F00456E6F /* Frameworks */,
				44D263E127DC387F00456E6F /* Resources */,
			);
			buildRules = (
			);
			dependencies = (
			);
			name = Lab5CoreData;
			productName = Lab5CoreData;
			productReference = 44D263E327DC387F00456E6F /* Lab5CoreData.app */;
			productType = "com.apple.product-type.application";
		};
/* End PBXNativeTarget section */

/* Begin PBXProject section */
		44D263DB27DC387F00456E6F /* Project object */ = {
			isa = PBXProject;
			attributes = {
				BuildIndependentTargetsInParallel = 1;
				LastSwiftUpdateCheck = 1320;
				LastUpgradeCheck = 1320;
				TargetAttributes = {
					44D263E227DC387F00456E6F = {
						CreatedOnToolsVersion = 13.2.1;
					};
				};
			};
			buildConfigurationList = 44D263DE27DC387F00456E6F /* Build configuration list for PBXProject "Lab5CoreData" */;
			compatibilityVersion = "Xcode 13.0";
			developmentRegion = en;
			hasScannedForEncodings = 0;
			knownRegions = (
				en,
				Base,
			);
			mainGroup = 44D263DA27DC387F00456E6F;
			productRefGroup = 44D263E427DC387F00456E6F /* Products */;
			projectDirPath = "";
			projectRoot = "";
			targets = (
				44D263E227DC387F00456E6F /* Lab5CoreData */,
			);
		};
/* End PBXProject section */

/* Begin PBXResourcesBuildPhase section */
		44D263E127DC387F00456E6F /* Resources */ = {
			isa = PBXResourcesBuildPhase;
			buildActionMask = 2147483647;
			files = (
				44D263F627DC388200456E6F /* LaunchScreen.storyboard in Resources */,
				44D2640827DCBD9A00456E6F /* tempe.jpeg in Resources */,
				44D263F327DC388200456E6F /* Assets.xcassets in Resources */,
				44D263EE27DC387F00456E6F /* Main.storyboard in Resources */,
			);
			runOnlyForDeploymentPostprocessing = 0;
		};
/* End PBXResourcesBuildPhase section */

/* Begin PBXSourcesBuildPhase section */
		44D263DF27DC387F00456E6F /* Sources */ = {
			isa = PBXSourcesBuildPhase;
			buildActionMask = 2147483647;
			files = (
				44D2640627DCA33900456E6F /* CityTableViewCell.swift in Sources */,
				44D2640427DC9F8E00456E6F /* Cities.swift in Sources */,
				44D263F127DC387F00456E6F /* Lab5CoreData.xcdatamodeld in Sources */,
				44D263EB27DC387F00456E6F /* ViewController.swift in Sources */,
				44D263E727DC387F00456E6F /* AppDelegate.swift in Sources */,
				44D263E927DC387F00456E6F /* SceneDelegate.swift in Sources */,
				44D2640227DC823600456E6F /* SecondViewController.swift in Sources */,
				44D2640027DC803F00456E6F /* City+CoreDataProperties.swift in Sources */,
				44D263FF27DC803F00456E6F /* City+CoreDataClass.swift in Sources */,
			);
			runOnlyForDeploymentPostprocessing = 0;
		};
/* End PBXSourcesBuildPhase section */

/* Begin PBXVariantGroup section */
		44D263EC27DC387F00456E6F /* Main.storyboard */ = {
			isa = PBXVariantGroup;
			children = (
				44D263ED27DC387F00456E6F /* Base */,
			);
			name = Main.storyboard;
			sourceTree = "<group>";
		};
		44D263F427DC388200456E6F /* LaunchScreen.storyboard */ = {
			isa = PBXVariantGroup;
			children = (
				44D263F527DC388200456E6F /* Base */,
			);
			name = LaunchScreen.storyboard;
			sourceTree = "<group>";
		};
/* End PBXVariantGroup section */

/* Begin XCBuildConfiguration section */
		44D263F827DC388200456E6F /* Debug */ = {
			isa = XCBuildConfiguration;
			buildSettings = {
				ALWAYS_SEARCH_USER_PATHS = NO;
				CLANG_ANALYZER_NONNULL = YES;
				CLANG_ANALYZER_NUMBER_OBJECT_CONVERSION = YES_AGGRESSIVE;
				CLANG_CXX_LANGUAGE_STANDARD = "gnu++17";
				CLANG_CXX_LIBRARY = "libc++";
				CLANG_ENABLE_MODULES = YES;
				CLANG_ENABLE_OBJC_ARC = YES;
				CLANG_ENABLE_OBJC_WEAK = YES;
				CLANG_WARN_BLOCK_CAPTURE_AUTORELEASING = YES;
				CLANG_WARN_BOOL_CONVERSION = YES;
				CLANG_WARN_COMMA = YES;
				CLANG_WARN_CONSTANT_CONVERSION = YES;
				CLANG_WARN_DEPRECATED_OBJC_IMPLEMENTATIONS = YES;
				CLANG_WARN_DIRECT_OBJC_ISA_USAGE = YES_ERROR;
				CLANG_WARN_DOCUMENTATION_COMMENTS = YES;
				CLANG_WARN_EMPTY_BODY = YES;
				CLANG_WARN_ENUM_CONVERSION = YES;
				CLANG_WARN_INFINITE_RECURSION = YES;
				CLANG_WARN_INT_CONVERSION = YES;
				CLANG_WARN_NON_LITERAL_NULL_CONVERSION = YES;
				CLANG_WARN_OBJC_IMPLICIT_RETAIN_SELF = YES;
				CLANG_WARN_OBJC_LITERAL_CONVERSION = YES;
				CLANG_WARN_OBJC_ROOT_CLASS = YES_ERROR;
				CLANG_WARN_QUOTED_INCLUDE_IN_FRAMEWORK_HEADER = YES;
				CLANG_WARN_RANGE_LOOP_ANALYSIS = YES;
				CLANG_WARN_STRICT_PROTOTYPES = YES;
				CLANG_WARN_SUSPICIOUS_MOVE = YES;
				CLANG_WARN_UNGUARDED_AVAILABILITY = YES_AGGRESSIVE;
				CLANG_WARN_UNREACHABLE_CODE = YES;
				CLANG_WARN__DUPLICATE_METHOD_MATCH = YES;
				COPY_PHASE_STRIP = NO;
				DEBUG_INFORMATION_FORMAT = dwarf;
				ENABLE_STRICT_OBJC_MSGSEND = YES;
				ENABLE_TESTABILITY = YES;
				GCC_C_LANGUAGE_STANDARD = gnu11;
				GCC_DYNAMIC_NO_PIC = NO;
				GCC_NO_COMMON_BLOCKS = YES;
				GCC_OPTIMIZATION_LEVEL = 0;
				GCC_PREPROCESSOR_DEFINITIONS = (
					"DEBUG=1",
					"$(inherited)",
				);
				GCC_WARN_64_TO_32_BIT_CONVERSION = YES;
				GCC_WARN_ABOUT_RETURN_TYPE = YES_ERROR;
				GCC_WARN_UNDECLARED_SELECTOR = YES;
				GCC_WARN_UNINITIALIZED_AUTOS = YES_AGGRESSIVE;
				GCC_WARN_UNUSED_FUNCTION = YES;
				GCC_WARN_UNUSED_VARIABLE = YES;
				IPHONEOS_DEPLOYMENT_TARGET = 15.2;
				MTL_ENABLE_DEBUG_INFO = INCLUDE_SOURCE;
				MTL_FAST_MATH = YES;
				ONLY_ACTIVE_ARCH = YES;
				SDKROOT = iphoneos;
				SWIFT_ACTIVE_COMPILATION_CONDITIONS = DEBUG;
				SWIFT_OPTIMIZATION_LEVEL = "-Onone";
			};
			name = Debug;
		};
		44D263F927DC388200456E6F /* Release */ = {
			isa = XCBuildConfiguration;
			buildSettings = {
				ALWAYS_SEARCH_USER_PATHS = NO;
				CLANG_ANALYZER_NONNULL = YES;
				CLANG_ANALYZER_NUMBER_OBJECT_CONVERSION = YES_AGGRESSIVE;
				CLANG_CXX_LANGUAGE_STANDARD = "gnu++17";
				CLANG_CXX_LIBRARY = "libc++";
				CLANG_ENABLE_MODULES = YES;
				CLANG_ENABLE_OBJC_ARC = YES;
				CLANG_ENABLE_OBJC_WEAK = YES;
				CLANG_WARN_BLOCK_CAPTURE_AUTORELEASING = YES;
				CLANG_WARN_BOOL_CONVERSION = YES;
				CLANG_WARN_COMMA = YES;
				CLANG_WARN_CONSTANT_CONVERSION = YES;
				CLANG_WARN_DEPRECATED_OBJC_IMPLEMENTATIONS = YES;
				CLANG_WARN_DIRECT_OBJC_ISA_USAGE = YES_ERROR;
				CLANG_WARN_DOCUMENTATION_COMMENTS = YES;
				CLANG_WARN_EMPTY_BODY = YES;
				CLANG_WARN_ENUM_CONVERSION = YES;
				CLANG_WARN_INFINITE_RECURSION = YES;
				CLANG_WARN_INT_CONVERSION = YES;
				CLANG_WARN_NON_LITERAL_NULL_CONVERSION = YES;
				CLANG_WARN_OBJC_IMPLICIT_RETAIN_SELF = YES;
				CLANG_WARN_OBJC_LITERAL_CONVERSION = YES;
				CLANG_WARN_OBJC_ROOT_CLASS = YES_ERROR;
				CLANG_WARN_QUOTED_INCLUDE_IN_FRAMEWORK_HEADER = YES;
				CLANG_WARN_RANGE_LOOP_ANALYSIS = YES;
				CLANG_WARN_STRICT_PROTOTYPES = YES;
				CLANG_WARN_SUSPICIOUS_MOVE = YES;
				CLANG_WARN_UNGUARDED_AVAILABILITY = YES_AGGRESSIVE;
				CLANG_WARN_UNREACHABLE_CODE = YES;
				CLANG_WARN__DUPLICATE_METHOD_MATCH = YES;
				COPY_PHASE_STRIP = NO;
				DEBUG_INFORMATION_FORMAT = "dwarf-with-dsym";
				ENABLE_NS_ASSERTIONS = NO;
				ENABLE_STRICT_OBJC_MSGSEND = YES;
				GCC_C_LANGUAGE_STANDARD = gnu11;
				GCC_NO_COMMON_BLOCKS = YES;
				GCC_WARN_64_TO_32_BIT_CONVERSION = YES;
				GCC_WARN_ABOUT_RETURN_TYPE = YES_ERROR;
				GCC_WARN_UNDECLARED_SELECTOR = YES;
				GCC_WARN_UNINITIALIZED_AUTOS = YES_AGGRESSIVE;
				GCC_WARN_UNUSED_FUNCTION = YES;
				GCC_WARN_UNUSED_VARIABLE = YES;
				IPHONEOS_DEPLOYMENT_TARGET = 15.2;
				MTL_ENABLE_DEBUG_INFO = NO;
				MTL_FAST_MATH = YES;
				SDKROOT = iphoneos;
				SWIFT_COMPILATION_MODE = wholemodule;
				SWIFT_OPTIMIZATION_LEVEL = "-O";
				VALIDATE_PRODUCT = YES;
			};
			name = Release;
		};
		44D263FB27DC388200456E6F /* Debug */ = {
			isa = XCBuildConfiguration;
			buildSettings = {
				ASSETCATALOG_COMPILER_APPICON_NAME = AppIcon;
				ASSETCATALOG_COMPILER_GLOBAL_ACCENT_COLOR_NAME = AccentColor;
				CODE_SIGN_STYLE = Automatic;
				CURRENT_PROJECT_VERSION = 1;
				GENERATE_INFOPLIST_FILE = YES;
				INFOPLIST_FILE = Lab5CoreData/Info.plist;
				INFOPLIST_KEY_UIApplicationSupportsIndirectInputEvents = YES;
				INFOPLIST_KEY_UILaunchStoryboardName = LaunchScreen;
				INFOPLIST_KEY_UIMainStoryboardFile = Main;
				INFOPLIST_KEY_UISupportedInterfaceOrientations_iPad = "UIInterfaceOrientationPortrait UIInterfaceOrientationPortraitUpsideDown UIInterfaceOrientationLandscapeLeft UIInterfaceOrientationLandscapeRight";
				INFOPLIST_KEY_UISupportedInterfaceOrientations_iPhone = "UIInterfaceOrientationPortrait UIInterfaceOrientationLandscapeLeft UIInterfaceOrientationLandscapeRight";
				LD_RUNPATH_SEARCH_PATHS = (
					"$(inherited)",
					"@executable_path/Frameworks",
				);
				MARKETING_VERSION = 1.0;
				PRODUCT_BUNDLE_IDENTIFIER = Eduardo.Lab5CoreData;
				PRODUCT_NAME = "$(TARGET_NAME)";
				SWIFT_EMIT_LOC_STRINGS = YES;
				SWIFT_VERSION = 5.0;
				TARGETED_DEVICE_FAMILY = "1,2";
			};
			name = Debug;
		};
		44D263FC27DC388200456E6F /* Release */ = {
			isa = XCBuildConfiguration;
			buildSettings = {
				ASSETCATALOG_COMPILER_APPICON_NAME = AppIcon;
				ASSETCATALOG_COMPILER_GLOBAL_ACCENT_COLOR_NAME = AccentColor;
				CODE_SIGN_STYLE = Automatic;
				CURRENT_PROJECT_VERSION = 1;
				GENERATE_INFOPLIST_FILE = YES;
				INFOPLIST_FILE = Lab5CoreData/Info.plist;
				INFOPLIST_KEY_UIApplicationSupportsIndirectInputEvents = YES;
				INFOPLIST_KEY_UILaunchStoryboardName = LaunchScreen;
				INFOPLIST_KEY_UIMainStoryboardFile = Main;
				INFOPLIST_KEY_UISupportedInterfaceOrientations_iPad = "UIInterfaceOrientationPortrait UIInterfaceOrientationPortraitUpsideDown UIInterfaceOrientationLandscapeLeft UIInterfaceOrientationLandscapeRight";
				INFOPLIST_KEY_UISupportedInterfaceOrientations_iPhone = "UIInterfaceOrientationPortrait UIInterfaceOrientationLandscapeLeft UIInterfaceOrientationLandscapeRight";
				LD_RUNPATH_SEARCH_PATHS = (
					"$(inherited)",
					"@executable_path/Frameworks",
				);
				MARKETING_VERSION = 1.0;
				PRODUCT_BUNDLE_IDENTIFIER = Eduardo.Lab5CoreData;
				PRODUCT_NAME = "$(TARGET_NAME)";
				SWIFT_EMIT_LOC_STRINGS = YES;
				SWIFT_VERSION = 5.0;
				TARGETED_DEVICE_FAMILY = "1,2";
			};
			name = Release;
		};
/* End XCBuildConfiguration section */

/* Begin XCConfigurationList section */
		44D263DE27DC387F00456E6F /* Build configuration list for PBXProject "Lab5CoreData" */ = {
			isa = XCConfigurationList;
			buildConfigurations = (
				44D263F827DC388200456E6F /* Debug */,
				44D263F927DC388200456E6F /* Release */,
			);
			defaultConfigurationIsVisible = 0;
			defaultConfigurationName = Release;
		};
		44D263FA27DC388200456E6F /* Build configuration list for PBXNativeTarget "Lab5CoreData" */ = {
			isa = XCConfigurationList;
			buildConfigurations = (
				44D263FB27DC388200456E6F /* Debug */,
				44D263FC27DC388200456E6F /* Release */,
			);
			defaultConfigurationIsVisible = 0;
			defaultConfigurationName = Release;
		};
/* End XCConfigurationList section */

/* Begin XCVersionGroup section */
		44D263EF27DC387F00456E6F /* Lab5CoreData.xcdatamodeld */ = {
			isa = XCVersionGroup;
			children = (
				44D263F027DC387F00456E6F /* Lab5CoreData.xcdatamodel */,
			);
			currentVersion = 44D263F027DC387F00456E6F /* Lab5CoreData.xcdatamodel */;
			path = Lab5CoreData.xcdatamodeld;
			sourceTree = "<group>";
			versionGroupType = wrapper.xcdatamodel;
		};
/* End XCVersionGroup section */
	};
	rootObject = 44D263DB27DC387F00456E6F /* Project object */;
}
