// !$*UTF8*$!
{
	archiveVersion = 1;
	classes = {
	};
	objectVersion = 55;
	objects = {

/* Begin PBXBuildFile section */
		443CFABA27FDB0CE0039CBBE /* download.jpeg in Resources */ = {isa = PBXBuildFile; fileRef = 443CFAB927FDB0CE0039CBBE /* download.jpeg */; };
		44E421F227FBFBFA007920D0 /* AppDelegate.swift in Sources */ = {isa = PBXBuildFile; fileRef = 44E421F127FBFBFA007920D0 /* AppDelegate.swift */; };
		44E421F427FBFBFA007920D0 /* SceneDelegate.swift in Sources */ = {isa = PBXBuildFile; fileRef = 44E421F327FBFBFA007920D0 /* SceneDelegate.swift */; };
		44E421F627FBFBFA007920D0 /* ViewController.swift in Sources */ = {isa = PBXBuildFile; fileRef = 44E421F527FBFBFA007920D0 /* ViewController.swift */; };
		44E421F927FBFBFA007920D0 /* Main.storyboard in Resources */ = {isa = PBXBuildFile; fileRef = 44E421F727FBFBFA007920D0 /* Main.storyboard */; };
		44E421FB27FBFBFF007920D0 /* Assets.xcassets in Resources */ = {isa = PBXBuildFile; fileRef = 44E421FA27FBFBFF007920D0 /* Assets.xcassets */; };
		44E421FE27FBFBFF007920D0 /* LaunchScreen.storyboard in Resources */ = {isa = PBXBuildFile; fileRef = 44E421FC27FBFBFF007920D0 /* LaunchScreen.storyboard */; };
		44E4220627FC55C7007920D0 /* DataViewController.swift in Sources */ = {isa = PBXBuildFile; fileRef = 44E4220527FC55C7007920D0 /* DataViewController.swift */; };
		44E4220827FC55FB007920D0 /* HealthViewController.swift in Sources */ = {isa = PBXBuildFile; fileRef = 44E4220727FC55FB007920D0 /* HealthViewController.swift */; };
		44E4220A27FC5611007920D0 /* RiskViewController.swift in Sources */ = {isa = PBXBuildFile; fileRef = 44E4220927FC5611007920D0 /* RiskViewController.swift */; };
		44E4220E27FC6493007920D0 /* PersonalRecords.swift in Sources */ = {isa = PBXBuildFile; fileRef = 44E4220D27FC6493007920D0 /* PersonalRecords.swift */; };
		44E4221227FD467A007920D0 /* HealthViewCell.swift in Sources */ = {isa = PBXBuildFile; fileRef = 44E4221127FD467A007920D0 /* HealthViewCell.swift */; };
		44E4221427FD60FB007920D0 /* SymptomsViewController.swift in Sources */ = {isa = PBXBuildFile; fileRef = 44E4221327FD60FA007920D0 /* SymptomsViewController.swift */; };
/* End PBXBuildFile section */

/* Begin PBXFileReference section */
		443CFAB927FDB0CE0039CBBE /* download.jpeg */ = {isa = PBXFileReference; lastKnownFileType = image.jpeg; path = download.jpeg; sourceTree = "<group>"; };
		44E421EE27FBFBF9007920D0 /* Homework1.app */ = {isa = PBXFileReference; explicitFileType = wrapper.application; includeInIndex = 0; path = Homework1.app; sourceTree = BUILT_PRODUCTS_DIR; };
		44E421F127FBFBFA007920D0 /* AppDelegate.swift */ = {isa = PBXFileReference; lastKnownFileType = sourcecode.swift; path = AppDelegate.swift; sourceTree = "<group>"; };
		44E421F327FBFBFA007920D0 /* SceneDelegate.swift */ = {isa = PBXFileReference; lastKnownFileType = sourcecode.swift; path = SceneDelegate.swift; sourceTree = "<group>"; };
		44E421F527FBFBFA007920D0 /* ViewController.swift */ = {isa = PBXFileReference; lastKnownFileType = sourcecode.swift; path = ViewController.swift; sourceTree = "<group>"; };
		44E421F827FBFBFA007920D0 /* Base */ = {isa = PBXFileReference; lastKnownFileType = file.storyboard; name = Base; path = Base.lproj/Main.storyboard; sourceTree = "<group>"; };
		44E421FA27FBFBFF007920D0 /* Assets.xcassets */ = {isa = PBXFileReference; lastKnownFileType = folder.assetcatalog; path = Assets.xcassets; sourceTree = "<group>"; };
		44E421FD27FBFBFF007920D0 /* Base */ = {isa = PBXFileReference; lastKnownFileType = file.storyboard; name = Base; path = Base.lproj/LaunchScreen.storyboard; sourceTree = "<group>"; };
		44E421FF27FBFBFF007920D0 /* Info.plist */ = {isa = PBXFileReference; lastKnownFileType = text.plist.xml; path = Info.plist; sourceTree = "<group>"; };
		44E4220527FC55C7007920D0 /* DataViewController.swift */ = {isa = PBXFileReference; lastKnownFileType = sourcecode.swift; path = DataViewController.swift; sourceTree = "<group>"; };
		44E4220727FC55FB007920D0 /* HealthViewController.swift */ = {isa = PBXFileReference; lastKnownFileType = sourcecode.swift; path = HealthViewController.swift; sourceTree = "<group>"; };
		44E4220927FC5611007920D0 /* RiskViewController.swift */ = {isa = PBXFileReference; lastKnownFileType = sourcecode.swift; path = RiskViewController.swift; sourceTree = "<group>"; };
		44E4220D27FC6493007920D0 /* PersonalRecords.swift */ = {isa = PBXFileReference; lastKnownFileType = sourcecode.swift; path = PersonalRecords.swift; sourceTree = "<group>"; };
		44E4221127FD467A007920D0 /* HealthViewCell.swift */ = {isa = PBXFileReference; lastKnownFileType = sourcecode.swift; path = HealthViewCell.swift; sourceTree = "<group>"; };
		44E4221327FD60FA007920D0 /* SymptomsViewController.swift */ = {isa = PBXFileReference; lastKnownFileType = sourcecode.swift; path = SymptomsViewController.swift; sourceTree = "<group>"; };
/* End PBXFileReference section */

/* Begin PBXFrameworksBuildPhase section */
		44E421EB27FBFBF9007920D0 /* Frameworks */ = {
			isa = PBXFrameworksBuildPhase;
			buildActionMask = 2147483647;
			files = (
			);
			runOnlyForDeploymentPostprocessing = 0;
		};
/* End PBXFrameworksBuildPhase section */

/* Begin PBXGroup section */
		44E421E527FBFBF9007920D0 = {
			isa = PBXGroup;
			children = (
				44E421F027FBFBF9007920D0 /* Homework1 */,
				44E421EF27FBFBF9007920D0 /* Products */,
			);
			sourceTree = "<group>";
		};
		44E421EF27FBFBF9007920D0 /* Products */ = {
			isa = PBXGroup;
			children = (
				44E421EE27FBFBF9007920D0 /* Homework1.app */,
			);
			name = Products;
			sourceTree = "<group>";
		};
		44E421F027FBFBF9007920D0 /* Homework1 */ = {
			isa = PBXGroup;
			children = (
				44E421F127FBFBFA007920D0 /* AppDelegate.swift */,
				44E421F327FBFBFA007920D0 /* SceneDelegate.swift */,
				44E4220D27FC6493007920D0 /* PersonalRecords.swift */,
				44E4221127FD467A007920D0 /* HealthViewCell.swift */,
				44E421F727FBFBFA007920D0 /* Main.storyboard */,
				44E4221327FD60FA007920D0 /* SymptomsViewController.swift */,
				44E421F527FBFBFA007920D0 /* ViewController.swift */,
				44E4220527FC55C7007920D0 /* DataViewController.swift */,
				44E4220727FC55FB007920D0 /* HealthViewController.swift */,
				44E4220927FC5611007920D0 /* RiskViewController.swift */,
				443CFAB927FDB0CE0039CBBE /* download.jpeg */,
				44E421FA27FBFBFF007920D0 /* Assets.xcassets */,
				44E421FC27FBFBFF007920D0 /* LaunchScreen.storyboard */,
				44E421FF27FBFBFF007920D0 /* Info.plist */,
			);
			path = Homework1;
			sourceTree = "<group>";
		};
/* End PBXGroup section */

/* Begin PBXNativeTarget section */
		44E421ED27FBFBF9007920D0 /* Homework1 */ = {
			isa = PBXNativeTarget;
			buildConfigurationList = 44E4220227FBFBFF007920D0 /* Build configuration list for PBXNativeTarget "Homework1" */;
			buildPhases = (
				44E421EA27FBFBF9007920D0 /* Sources */,
				44E421EB27FBFBF9007920D0 /* Frameworks */,
				44E421EC27FBFBF9007920D0 /* Resources */,
			);
			buildRules = (
			);
			dependencies = (
			);
			name = Homework1;
			productName = Homework1;
			productReference = 44E421EE27FBFBF9007920D0 /* Homework1.app */;
			productType = "com.apple.product-type.application";
		};
/* End PBXNativeTarget section */

/* Begin PBXProject section */
		44E421E627FBFBF9007920D0 /* Project object */ = {
			isa = PBXProject;
			attributes = {
				BuildIndependentTargetsInParallel = 1;
				LastSwiftUpdateCheck = 1320;
				LastUpgradeCheck = 1320;
				TargetAttributes = {
					44E421ED27FBFBF9007920D0 = {
						CreatedOnToolsVersion = 13.2.1;
					};
				};
			};
			buildConfigurationList = 44E421E927FBFBF9007920D0 /* Build configuration list for PBXProject "Homework1" */;
			compatibilityVersion = "Xcode 13.0";
			developmentRegion = en;
			hasScannedForEncodings = 0;
			knownRegions = (
				en,
				Base,
			);
			mainGroup = 44E421E527FBFBF9007920D0;
			productRefGroup = 44E421EF27FBFBF9007920D0 /* Products */;
			projectDirPath = "";
			projectRoot = "";
			targets = (
				44E421ED27FBFBF9007920D0 /* Homework1 */,
			);
		};
/* End PBXProject section */

/* Begin PBXResourcesBuildPhase section */
		44E421EC27FBFBF9007920D0 /* Resources */ = {
			isa = PBXResourcesBuildPhase;
			buildActionMask = 2147483647;
			files = (
				44E421FE27FBFBFF007920D0 /* LaunchScreen.storyboard in Resources */,
				443CFABA27FDB0CE0039CBBE /* download.jpeg in Resources */,
				44E421FB27FBFBFF007920D0 /* Assets.xcassets in Resources */,
				44E421F927FBFBFA007920D0 /* Main.storyboard in Resources */,
			);
			runOnlyForDeploymentPostprocessing = 0;
		};
/* End PBXResourcesBuildPhase section */

/* Begin PBXSourcesBuildPhase section */
		44E421EA27FBFBF9007920D0 /* Sources */ = {
			isa = PBXSourcesBuildPhase;
			buildActionMask = 2147483647;
			files = (
				44E4221227FD467A007920D0 /* HealthViewCell.swift in Sources */,
				44E4220627FC55C7007920D0 /* DataViewController.swift in Sources */,
				44E421F627FBFBFA007920D0 /* ViewController.swift in Sources */,
				44E421F227FBFBFA007920D0 /* AppDelegate.swift in Sources */,
				44E4220E27FC6493007920D0 /* PersonalRecords.swift in Sources */,
				44E4221427FD60FB007920D0 /* SymptomsViewController.swift in Sources */,
				44E4220A27FC5611007920D0 /* RiskViewController.swift in Sources */,
				44E421F427FBFBFA007920D0 /* SceneDelegate.swift in Sources */,
				44E4220827FC55FB007920D0 /* HealthViewController.swift in Sources */,
			);
			runOnlyForDeploymentPostprocessing = 0;
		};
/* End PBXSourcesBuildPhase section */

/* Begin PBXVariantGroup section */
		44E421F727FBFBFA007920D0 /* Main.storyboard */ = {
			isa = PBXVariantGroup;
			children = (
				44E421F827FBFBFA007920D0 /* Base */,
			);
			name = Main.storyboard;
			sourceTree = "<group>";
		};
		44E421FC27FBFBFF007920D0 /* LaunchScreen.storyboard */ = {
			isa = PBXVariantGroup;
			children = (
				44E421FD27FBFBFF007920D0 /* Base */,
			);
			name = LaunchScreen.storyboard;
			sourceTree = "<group>";
		};
/* End PBXVariantGroup section */

/* Begin XCBuildConfiguration section */
		44E4220027FBFBFF007920D0 /* Debug */ = {
			isa = XCBuildConfiguration;
			buildSettings = {
				ALWAYS_SEARCH_USER_PATHS = NO;
				CLANG_ANALYZER_NONNULL = YES;
				CLANG_ANALYZER_NUMBER_OBJECT_CONVERSION = YES_AGGRESSIVE;
				CLANG_CXX_LANGUAGE_STANDARD = "gnu++17";
				CLANG_CXX_LIBRARY = "libc++";
				CLANG_ENABLE_MODULES = YES;
				CLANG_ENABLE_OBJC_ARC = YES;
				CLANG_ENABLE_OBJC_WEAK = YES;
				CLANG_WARN_BLOCK_CAPTURE_AUTORELEASING = YES;
				CLANG_WARN_BOOL_CONVERSION = YES;
				CLANG_WARN_COMMA = YES;
				CLANG_WARN_CONSTANT_CONVERSION = YES;
				CLANG_WARN_DEPRECATED_OBJC_IMPLEMENTATIONS = YES;
				CLANG_WARN_DIRECT_OBJC_ISA_USAGE = YES_ERROR;
				CLANG_WARN_DOCUMENTATION_COMMENTS = YES;
				CLANG_WARN_EMPTY_BODY = YES;
				CLANG_WARN_ENUM_CONVERSION = YES;
				CLANG_WARN_INFINITE_RECURSION = YES;
				CLANG_WARN_INT_CONVERSION = YES;
				CLANG_WARN_NON_LITERAL_NULL_CONVERSION = YES;
				CLANG_WARN_OBJC_IMPLICIT_RETAIN_SELF = YES;
				CLANG_WARN_OBJC_LITERAL_CONVERSION = YES;
				CLANG_WARN_OBJC_ROOT_CLASS = YES_ERROR;
				CLANG_WARN_QUOTED_INCLUDE_IN_FRAMEWORK_HEADER = YES;
				CLANG_WARN_RANGE_LOOP_ANALYSIS = YES;
				CLANG_WARN_STRICT_PROTOTYPES = YES;
				CLANG_WARN_SUSPICIOUS_MOVE = YES;
				CLANG_WARN_UNGUARDED_AVAILABILITY = YES_AGGRESSIVE;
				CLANG_WARN_UNREACHABLE_CODE = YES;
				CLANG_WARN__DUPLICATE_METHOD_MATCH = YES;
				COPY_PHASE_STRIP = NO;
				DEBUG_INFORMATION_FORMAT = dwarf;
				ENABLE_STRICT_OBJC_MSGSEND = YES;
				ENABLE_TESTABILITY = YES;
				GCC_C_LANGUAGE_STANDARD = gnu11;
				GCC_DYNAMIC_NO_PIC = NO;
				GCC_NO_COMMON_BLOCKS = YES;
				GCC_OPTIMIZATION_LEVEL = 0;
				GCC_PREPROCESSOR_DEFINITIONS = (
					"DEBUG=1",
					"$(inherited)",
				);
				GCC_WARN_64_TO_32_BIT_CONVERSION = YES;
				GCC_WARN_ABOUT_RETURN_TYPE = YES_ERROR;
				GCC_WARN_UNDECLARED_SELECTOR = YES;
				GCC_WARN_UNINITIALIZED_AUTOS = YES_AGGRESSIVE;
				GCC_WARN_UNUSED_FUNCTION = YES;
				GCC_WARN_UNUSED_VARIABLE = YES;
				IPHONEOS_DEPLOYMENT_TARGET = 15.2;
				MTL_ENABLE_DEBUG_INFO = INCLUDE_SOURCE;
				MTL_FAST_MATH = YES;
				ONLY_ACTIVE_ARCH = YES;
				SDKROOT = iphoneos;
				SWIFT_ACTIVE_COMPILATION_CONDITIONS = DEBUG;
				SWIFT_OPTIMIZATION_LEVEL = "-Onone";
			};
			name = Debug;
		};
		44E4220127FBFBFF007920D0 /* Release */ = {
			isa = XCBuildConfiguration;
			buildSettings = {
				ALWAYS_SEARCH_USER_PATHS = NO;
				CLANG_ANALYZER_NONNULL = YES;
				CLANG_ANALYZER_NUMBER_OBJECT_CONVERSION = YES_AGGRESSIVE;
				CLANG_CXX_LANGUAGE_STANDARD = "gnu++17";
				CLANG_CXX_LIBRARY = "libc++";
				CLANG_ENABLE_MODULES = YES;
				CLANG_ENABLE_OBJC_ARC = YES;
				CLANG_ENABLE_OBJC_WEAK = YES;
				CLANG_WARN_BLOCK_CAPTURE_AUTORELEASING = YES;
				CLANG_WARN_BOOL_CONVERSION = YES;
				CLANG_WARN_COMMA = YES;
				CLANG_WARN_CONSTANT_CONVERSION = YES;
				CLANG_WARN_DEPRECATED_OBJC_IMPLEMENTATIONS = YES;
				CLANG_WARN_DIRECT_OBJC_ISA_USAGE = YES_ERROR;
				CLANG_WARN_DOCUMENTATION_COMMENTS = YES;
				CLANG_WARN_EMPTY_BODY = YES;
				CLANG_WARN_ENUM_CONVERSION = YES;
				CLANG_WARN_INFINITE_RECURSION = YES;
				CLANG_WARN_INT_CONVERSION = YES;
				CLANG_WARN_NON_LITERAL_NULL_CONVERSION = YES;
				CLANG_WARN_OBJC_IMPLICIT_RETAIN_SELF = YES;
				CLANG_WARN_OBJC_LITERAL_CONVERSION = YES;
				CLANG_WARN_OBJC_ROOT_CLASS = YES_ERROR;
				CLANG_WARN_QUOTED_INCLUDE_IN_FRAMEWORK_HEADER = YES;
				CLANG_WARN_RANGE_LOOP_ANALYSIS = YES;
				CLANG_WARN_STRICT_PROTOTYPES = YES;
				CLANG_WARN_SUSPICIOUS_MOVE = YES;
				CLANG_WARN_UNGUARDED_AVAILABILITY = YES_AGGRESSIVE;
				CLANG_WARN_UNREACHABLE_CODE = YES;
				CLANG_WARN__DUPLICATE_METHOD_MATCH = YES;
				COPY_PHASE_STRIP = NO;
				DEBUG_INFORMATION_FORMAT = "dwarf-with-dsym";
				ENABLE_NS_ASSERTIONS = NO;
				ENABLE_STRICT_OBJC_MSGSEND = YES;
				GCC_C_LANGUAGE_STANDARD = gnu11;
				GCC_NO_COMMON_BLOCKS = YES;
				GCC_WARN_64_TO_32_BIT_CONVERSION = YES;
				GCC_WARN_ABOUT_RETURN_TYPE = YES_ERROR;
				GCC_WARN_UNDECLARED_SELECTOR = YES;
				GCC_WARN_UNINITIALIZED_AUTOS = YES_AGGRESSIVE;
				GCC_WARN_UNUSED_FUNCTION = YES;
				GCC_WARN_UNUSED_VARIABLE = YES;
				IPHONEOS_DEPLOYMENT_TARGET = 15.2;
				MTL_ENABLE_DEBUG_INFO = NO;
				MTL_FAST_MATH = YES;
				SDKROOT = iphoneos;
				SWIFT_COMPILATION_MODE = wholemodule;
				SWIFT_OPTIMIZATION_LEVEL = "-O";
				VALIDATE_PRODUCT = YES;
			};
			name = Release;
		};
		44E4220327FBFBFF007920D0 /* Debug */ = {
			isa = XCBuildConfiguration;
			buildSettings = {
				ASSETCATALOG_COMPILER_APPICON_NAME = AppIcon;
				ASSETCATALOG_COMPILER_GLOBAL_ACCENT_COLOR_NAME = AccentColor;
				CODE_SIGN_STYLE = Automatic;
				CURRENT_PROJECT_VERSION = 1;
				GENERATE_INFOPLIST_FILE = YES;
				INFOPLIST_FILE = Homework1/Info.plist;
				INFOPLIST_KEY_UIApplicationSupportsIndirectInputEvents = YES;
				INFOPLIST_KEY_UILaunchStoryboardName = LaunchScreen;
				INFOPLIST_KEY_UIMainStoryboardFile = Main;
				INFOPLIST_KEY_UISupportedInterfaceOrientations_iPad = "UIInterfaceOrientationPortrait UIInterfaceOrientationPortraitUpsideDown UIInterfaceOrientationLandscapeLeft UIInterfaceOrientationLandscapeRight";
				INFOPLIST_KEY_UISupportedInterfaceOrientations_iPhone = "UIInterfaceOrientationPortrait UIInterfaceOrientationLandscapeLeft UIInterfaceOrientationLandscapeRight";
				LD_RUNPATH_SEARCH_PATHS = (
					"$(inherited)",
					"@executable_path/Frameworks",
				);
				MARKETING_VERSION = 1.0;
				PRODUCT_BUNDLE_IDENTIFIER = Eduardo.Homework1;
				PRODUCT_NAME = "$(TARGET_NAME)";
				SWIFT_EMIT_LOC_STRINGS = YES;
				SWIFT_VERSION = 5.0;
				TARGETED_DEVICE_FAMILY = "1,2";
			};
			name = Debug;
		};
		44E4220427FBFBFF007920D0 /* Release */ = {
			isa = XCBuildConfiguration;
			buildSettings = {
				ASSETCATALOG_COMPILER_APPICON_NAME = AppIcon;
				ASSETCATALOG_COMPILER_GLOBAL_ACCENT_COLOR_NAME = AccentColor;
				CODE_SIGN_STYLE = Automatic;
				CURRENT_PROJECT_VERSION = 1;
				GENERATE_INFOPLIST_FILE = YES;
				INFOPLIST_FILE = Homework1/Info.plist;
				INFOPLIST_KEY_UIApplicationSupportsIndirectInputEvents = YES;
				INFOPLIST_KEY_UILaunchStoryboardName = LaunchScreen;
				INFOPLIST_KEY_UIMainStoryboardFile = Main;
				INFOPLIST_KEY_UISupportedInterfaceOrientations_iPad = "UIInterfaceOrientationPortrait UIInterfaceOrientationPortraitUpsideDown UIInterfaceOrientationLandscapeLeft UIInterfaceOrientationLandscapeRight";
				INFOPLIST_KEY_UISupportedInterfaceOrientations_iPhone = "UIInterfaceOrientationPortrait UIInterfaceOrientationLandscapeLeft UIInterfaceOrientationLandscapeRight";
				LD_RUNPATH_SEARCH_PATHS = (
					"$(inherited)",
					"@executable_path/Frameworks",
				);
				MARKETING_VERSION = 1.0;
				PRODUCT_BUNDLE_IDENTIFIER = Eduardo.Homework1;
				PRODUCT_NAME = "$(TARGET_NAME)";
				SWIFT_EMIT_LOC_STRINGS = YES;
				SWIFT_VERSION = 5.0;
				TARGETED_DEVICE_FAMILY = "1,2";
			};
			name = Release;
		};
/* End XCBuildConfiguration section */

/* Begin XCConfigurationList section */
		44E421E927FBFBF9007920D0 /* Build configuration list for PBXProject "Homework1" */ = {
			isa = XCConfigurationList;
			buildConfigurations = (
				44E4220027FBFBFF007920D0 /* Debug */,
				44E4220127FBFBFF007920D0 /* Release */,
			);
			defaultConfigurationIsVisible = 0;
			defaultConfigurationName = Release;
		};
		44E4220227FBFBFF007920D0 /* Build configuration list for PBXNativeTarget "Homework1" */ = {
			isa = XCConfigurationList;
			buildConfigurations = (
				44E4220327FBFBFF007920D0 /* Debug */,
				44E4220427FBFBFF007920D0 /* Release */,
			);
			defaultConfigurationIsVisible = 0;
			defaultConfigurationName = Release;
		};
/* End XCConfigurationList section */
	};
	rootObject = 44E421E627FBFBF9007920D0 /* Project object */;
}
